
Microsoft Visual Studio Solution File, Format Version 12.00
# Visual Studio Version 17
VisualStudioVersion = 17.14.36915.13
MinimumVisualStudioVersion = 10.0.40219.1
Project("{FAE04EC0-301F-11D3-BF4B-00C04F79EFBC}") = "GymManagement.PL", "GymManagement\GymManagement.PL.csproj", "{0495CC66-4C94-4440-B27F-F8758EC9B753}"
EndProject
Project("{FAE04EC0-301F-11D3-BF4B-00C04F79EFBC}") = "GymManagement.BLL", "GymManagement.BLL\GymManagement.BLL.csproj", "{7C078C17-A3B6-46AC-B5A9-FCCDB74F5FB9}"
EndProject
Project("{FAE04EC0-301F-11D3-BF4B-00C04F79EFBC}") = "GymManagement.DAL", "GymManagement.DAL\GymManagement.DAL.csproj", "{76ACFAB7-5FA4-464B-9343-FE12B4B4DF64}"
EndProject
Global
	GlobalSection(SolutionConfigurationPlatforms) = preSolution
		Debug|Any CPU = Debug|Any CPU
		Release|Any CPU = Release|Any CPU
	EndGlobalSection
	GlobalSection(ProjectConfigurationPlatforms) = postSolution
		{0495CC66-4C94-4440-B27F-F8758EC9B753}.Debug|Any CPU.ActiveCfg = Debug|Any CPU
		{0495CC66-4C94-4440-B27F-F8758EC9B753}.Debug|Any CPU.Build.0 = Debug|Any CPU
		{0495CC66-4C94-4440-B27F-F8758EC9B753}.Release|Any CPU.ActiveCfg = Release|Any CPU
		{0495CC66-4C94-4440-B27F-F8758EC9B753}.Release|Any CPU.Build.0 = Release|Any CPU
		{7C078C17-A3B6-46AC-B5A9-FCCDB74F5FB9}.Debug|Any CPU.ActiveCfg = Debug|Any CPU
		{7C078C17-A3B6-46AC-B5A9-FCCDB74F5FB9}.Debug|Any CPU.Build.0 = Debug|Any CPU
		{7C078C17-A3B6-46AC-B5A9-FCCDB74F5FB9}.Release|Any CPU.ActiveCfg = Release|Any CPU
		{7C078C17-A3B6-46AC-B5A9-FCCDB74F5FB9}.Release|Any CPU.Build.0 = Release|Any CPU
		{76ACFAB7-5FA4-464B-9343-FE12B4B4DF64}.Debug|Any CPU.ActiveCfg = Debug|Any CPU
		{76ACFAB7-5FA4-464B-9343-FE12B4B4DF64}.Debug|Any CPU.Build.0 = Debug|Any CPU
		{76ACFAB7-5FA4-464B-9343-FE12B4B4DF64}.Release|Any CPU.ActiveCfg = Release|Any CPU
		{76ACFAB7-5FA4-464B-9343-FE12B4B4DF64}.Release|Any CPU.Build.0 = Release|Any CPU
	EndGlobalSection
	GlobalSection(SolutionProperties) = preSolution
		HideSolutionNode = FALSE
	EndGlobalSection
	GlobalSection(ExtensibilityGlobals) = postSolution
		SolutionGuid = {9187858A-40F7-4B7D-8621-D7C0EF38AA01}
	EndGlobalSection
EndGlobal
